<?xml version="1.0" encoding="UTF-8" standalone="yes" ?>
<CodeBlocks_project_file>
	<FileVersion major="1" minor="6" />
	<Project>
		<Option title="hw0" />
		<Option pch_mode="2" />
		<Option compiler="gcc" />
		<Build>
			<Target title="Debug">
				<Option output="bin/Debug/hw0" prefix_auto="1" extension_auto="1" />
				<Option object_output="obj/Debug/" />
				<Option type="1" />
				<Option compiler="gcc" />
				<Compiler>
					<Add option="-g" />
				</Compiler>
			</Target>
			<Target title="Release">
				<Option output="bin/Release/hw0" prefix_auto="1" extension_auto="1" />
				<Option object_output="obj/Release/" />
				<Option type="1" />
				<Option compiler="gcc" />
				<Compiler>
					<Add option="-O2" />
				</Compiler>
				<Linker>
					<Add option="-s" />
				</Linker>
			</Target>
		</Build>
		<Compiler>
			<Add option="-Wall" />
		</Compiler>
		<Unit filename="args.c">
			<Option compilerVar="CC" />
		</Unit>
		<Unit filename="args.h" />
		<Unit filename="filter_image.c">
			<Option compilerVar="CC" />
		</Unit>
		<Unit filename="image.h" />
		<Unit filename="image_math.c">
			<Option compilerVar="CC" />
		</Unit>
		<Unit filename="image_math.h" />
		<Unit filename="load_image.c">
			<Option compilerVar="CC" />
		</Unit>
		<Unit filename="main.c">
			<Option compilerVar="CC" />
		</Unit>
		<Unit filename="process_image.c">
			<Option compilerVar="CC" />
		</Unit>
		<Unit filename="resize_image.c">
			<Option compilerVar="CC" />
		</Unit>
		<Unit filename="stb_image.h" />
		<Unit filename="stb_image_write.h" />
		<Extensions>
			<code_completion />
			<debugger />
		</Extensions>
	</Project>
</CodeBlocks_project_file>
